// !$*UTF8*$!
{
	archiveVersion = 1;
	classes = {
	};
	objectVersion = 56;
	objects = {

/* Begin PBXBuildFile section */
		386974E62BF54191005591CB /* WaveLinkAppApp.swift in Sources */ = {isa = PBXBuildFile; fileRef = 386974E52BF54191005591CB /* WaveLinkAppApp.swift */; };
		386974E82BF54191005591CB /* ContentView.swift in Sources */ = {isa = PBXBuildFile; fileRef = 386974E72BF54191005591CB /* ContentView.swift */; };
		386974EA2BF54191005591CB /* Item.swift in Sources */ = {isa = PBXBuildFile; fileRef = 386974E92BF54191005591CB /* Item.swift */; };
		386974EC2BF54194005591CB /* Assets.xcassets in Resources */ = {isa = PBXBuildFile; fileRef = 386974EB2BF54194005591CB /* Assets.xcassets */; };
		386974EF2BF54194005591CB /* Preview Assets.xcassets in Resources */ = {isa = PBXBuildFile; fileRef = 386974EE2BF54194005591CB /* Preview Assets.xcassets */; };
		386974F82BF54337005591CB /* Add:Edit.swift in Sources */ = {isa = PBXBuildFile; fileRef = 386974F72BF54337005591CB /* Add:Edit.swift */; };
		386974FA2BF5448D005591CB /* BluetoothModel.swift in Sources */ = {isa = PBXBuildFile; fileRef = 386974F92BF5448D005591CB /* BluetoothModel.swift */; };
		386974FC2BF5452C005591CB /* Profile.swift in Sources */ = {isa = PBXBuildFile; fileRef = 386974FB2BF5452C005591CB /* Profile.swift */; };
		386974FE2BF54790005591CB /* ProfileHost.swift in Sources */ = {isa = PBXBuildFile; fileRef = 386974FD2BF54790005591CB /* ProfileHost.swift */; };
		386975002BF549C9005591CB /* ProfilePicture.swift in Sources */ = {isa = PBXBuildFile; fileRef = 386974FF2BF549C9005591CB /* ProfilePicture.swift */; };
		386975022BF54F98005591CB /* HomePage.swift in Sources */ = {isa = PBXBuildFile; fileRef = 386975012BF54F98005591CB /* HomePage.swift */; };
		386975052BF559B5005591CB /* BLeList.swift in Sources */ = {isa = PBXBuildFile; fileRef = 386975042BF559B5005591CB /* BLeList.swift */; };
		386975072BF559D5005591CB /* Features.swift in Sources */ = {isa = PBXBuildFile; fileRef = 386975062BF559D5005591CB /* Features.swift */; };
		386975092BF55BC3005591CB /* FriendsList.swift in Sources */ = {isa = PBXBuildFile; fileRef = 386975082BF55BC3005591CB /* FriendsList.swift */; };
		3869750B2BF55C04005591CB /* HomePicture.swift in Sources */ = {isa = PBXBuildFile; fileRef = 3869750A2BF55C04005591CB /* HomePicture.swift */; };
		3869750D2BF55DFA005591CB /* Friends.swift in Sources */ = {isa = PBXBuildFile; fileRef = 3869750C2BF55DFA005591CB /* Friends.swift */; };
		3869750F2BF564DE005591CB /* ProfileEditor.swift in Sources */ = {isa = PBXBuildFile; fileRef = 3869750E2BF564DE005591CB /* ProfileEditor.swift */; };
		3869752F2BF59133005591CB /* UserData.swift in Sources */ = {isa = PBXBuildFile; fileRef = 3869752E2BF59133005591CB /* UserData.swift */; };
		386975312BF59C93005591CB /* ImageDecoder.swift in Sources */ = {isa = PBXBuildFile; fileRef = 386975302BF59C93005591CB /* ImageDecoder.swift */; };
		3872A56E2BFBEB1400EEC8B2 /* FriendsProfile.swift in Sources */ = {isa = PBXBuildFile; fileRef = 3872A56D2BFBEB1400EEC8B2 /* FriendsProfile.swift */; };
		3872A5702BFBEC6100EEC8B2 /* FriendsRow.swift in Sources */ = {isa = PBXBuildFile; fileRef = 3872A56F2BFBEC6100EEC8B2 /* FriendsRow.swift */; };
		3872A5722BFC31F600EEC8B2 /* ImagePicker.swift in Sources */ = {isa = PBXBuildFile; fileRef = 3872A5712BFC31F600EEC8B2 /* ImagePicker.swift */; };
		3872A5742BFC33FD00EEC8B2 /* ImagePicker1.swift in Sources */ = {isa = PBXBuildFile; fileRef = 3872A5732BFC33FD00EEC8B2 /* ImagePicker1.swift */; };
		3872A5762C07D9DA00EEC8B2 /* NearbyInteraction.swift in Sources */ = {isa = PBXBuildFile; fileRef = 3872A5752C07D9D900EEC8B2 /* NearbyInteraction.swift */; };
/* End PBXBuildFile section */

/* Begin PBXFileReference section */
		386974E22BF54191005591CB /* WaveLinkApp.app */ = {isa = PBXFileReference; explicitFileType = wrapper.application; includeInIndex = 0; path = WaveLinkApp.app; sourceTree = BUILT_PRODUCTS_DIR; };
		386974E52BF54191005591CB /* WaveLinkAppApp.swift */ = {isa = PBXFileReference; lastKnownFileType = sourcecode.swift; path = WaveLinkAppApp.swift; sourceTree = "<group>"; };
		386974E72BF54191005591CB /* ContentView.swift */ = {isa = PBXFileReference; lastKnownFileType = sourcecode.swift; path = ContentView.swift; sourceTree = "<group>"; };
		386974E92BF54191005591CB /* Item.swift */ = {isa = PBXFileReference; lastKnownFileType = sourcecode.swift; path = Item.swift; sourceTree = "<group>"; };
		386974EB2BF54194005591CB /* Assets.xcassets */ = {isa = PBXFileReference; lastKnownFileType = folder.assetcatalog; path = Assets.xcassets; sourceTree = "<group>"; };
		386974EE2BF54194005591CB /* Preview Assets.xcassets */ = {isa = PBXFileReference; lastKnownFileType = folder.assetcatalog; path = "Preview Assets.xcassets"; sourceTree = "<group>"; };
		386974F72BF54337005591CB /* Add:Edit.swift */ = {isa = PBXFileReference; lastKnownFileType = sourcecode.swift; path = "Add:Edit.swift"; sourceTree = "<group>"; };
		386974F92BF5448D005591CB /* BluetoothModel.swift */ = {isa = PBXFileReference; lastKnownFileType = sourcecode.swift; path = BluetoothModel.swift; sourceTree = "<group>"; };
		386974FB2BF5452C005591CB /* Profile.swift */ = {isa = PBXFileReference; lastKnownFileType = sourcecode.swift; path = Profile.swift; sourceTree = "<group>"; };
		386974FD2BF54790005591CB /* ProfileHost.swift */ = {isa = PBXFileReference; lastKnownFileType = sourcecode.swift; path = ProfileHost.swift; sourceTree = "<group>"; };
		386974FF2BF549C9005591CB /* ProfilePicture.swift */ = {isa = PBXFileReference; lastKnownFileType = sourcecode.swift; path = ProfilePicture.swift; sourceTree = "<group>"; };
		386975012BF54F98005591CB /* HomePage.swift */ = {isa = PBXFileReference; lastKnownFileType = sourcecode.swift; path = HomePage.swift; sourceTree = "<group>"; };
		386975042BF559B5005591CB /* BLeList.swift */ = {isa = PBXFileReference; lastKnownFileType = sourcecode.swift; path = BLeList.swift; sourceTree = "<group>"; };
		386975062BF559D5005591CB /* Features.swift */ = {isa = PBXFileReference; lastKnownFileType = sourcecode.swift; path = Features.swift; sourceTree = "<group>"; };
		386975082BF55BC3005591CB /* FriendsList.swift */ = {isa = PBXFileReference; lastKnownFileType = sourcecode.swift; path = FriendsList.swift; sourceTree = "<group>"; };
		3869750A2BF55C04005591CB /* HomePicture.swift */ = {isa = PBXFileReference; lastKnownFileType = sourcecode.swift; path = HomePicture.swift; sourceTree = "<group>"; };
		3869750C2BF55DFA005591CB /* Friends.swift */ = {isa = PBXFileReference; lastKnownFileType = sourcecode.swift; path = Friends.swift; sourceTree = "<group>"; };
		3869750E2BF564DE005591CB /* ProfileEditor.swift */ = {isa = PBXFileReference; lastKnownFileType = sourcecode.swift; path = ProfileEditor.swift; sourceTree = "<group>"; };
		3869752E2BF59133005591CB /* UserData.swift */ = {isa = PBXFileReference; lastKnownFileType = sourcecode.swift; path = UserData.swift; sourceTree = "<group>"; };
		386975302BF59C93005591CB /* ImageDecoder.swift */ = {isa = PBXFileReference; lastKnownFileType = sourcecode.swift; path = ImageDecoder.swift; sourceTree = "<group>"; };
		3872A56D2BFBEB1400EEC8B2 /* FriendsProfile.swift */ = {isa = PBXFileReference; lastKnownFileType = sourcecode.swift; path = FriendsProfile.swift; sourceTree = "<group>"; };
		3872A56F2BFBEC6100EEC8B2 /* FriendsRow.swift */ = {isa = PBXFileReference; lastKnownFileType = sourcecode.swift; path = FriendsRow.swift; sourceTree = "<group>"; };
		3872A5712BFC31F600EEC8B2 /* ImagePicker.swift */ = {isa = PBXFileReference; lastKnownFileType = sourcecode.swift; path = ImagePicker.swift; sourceTree = "<group>"; };
		3872A5732BFC33FD00EEC8B2 /* ImagePicker1.swift */ = {isa = PBXFileReference; lastKnownFileType = sourcecode.swift; path = ImagePicker1.swift; sourceTree = "<group>"; };
		3872A5752C07D9D900EEC8B2 /* NearbyInteraction.swift */ = {isa = PBXFileReference; lastKnownFileType = sourcecode.swift; path = NearbyInteraction.swift; sourceTree = "<group>"; };
/* End PBXFileReference section */

/* Begin PBXFrameworksBuildPhase section */
		386974DF2BF54191005591CB /* Frameworks */ = {
			isa = PBXFrameworksBuildPhase;
			buildActionMask = 2147483647;
			files = (
			);
			runOnlyForDeploymentPostprocessing = 0;
		};
/* End PBXFrameworksBuildPhase section */

/* Begin PBXGroup section */
		386974D92BF54191005591CB = {
			isa = PBXGroup;
			children = (
				386974E42BF54191005591CB /* WaveLinkApp */,
				386974E32BF54191005591CB /* Products */,
			);
			sourceTree = "<group>";
		};
		386974E32BF54191005591CB /* Products */ = {
			isa = PBXGroup;
			children = (
				386974E22BF54191005591CB /* WaveLinkApp.app */,
			);
			name = Products;
			sourceTree = "<group>";
		};
		386974E42BF54191005591CB /* WaveLinkApp */ = {
			isa = PBXGroup;
			children = (
				386974E52BF54191005591CB /* WaveLinkAppApp.swift */,
				386974F62BF541C6005591CB /* Views */,
				386974F52BF541AA005591CB /* Modules */,
				386974EB2BF54194005591CB /* Assets.xcassets */,
				386974ED2BF54194005591CB /* Preview Content */,
			);
			path = WaveLinkApp;
			sourceTree = "<group>";
		};
		386974ED2BF54194005591CB /* Preview Content */ = {
			isa = PBXGroup;
			children = (
				386974EE2BF54194005591CB /* Preview Assets.xcassets */,
			);
			path = "Preview Content";
			sourceTree = "<group>";
		};
		386974F52BF541AA005591CB /* Modules */ = {
			isa = PBXGroup;
			children = (
				386974FB2BF5452C005591CB /* Profile.swift */,
				3869750C2BF55DFA005591CB /* Friends.swift */,
				386974F92BF5448D005591CB /* BluetoothModel.swift */,
				3872A5752C07D9D900EEC8B2 /* NearbyInteraction.swift */,
				386974E92BF54191005591CB /* Item.swift */,
				3869752E2BF59133005591CB /* UserData.swift */,
				386975302BF59C93005591CB /* ImageDecoder.swift */,
			);
			path = Modules;
			sourceTree = "<group>";
		};
		386974F62BF541C6005591CB /* Views */ = {
			isa = PBXGroup;
			children = (
				386974E72BF54191005591CB /* ContentView.swift */,
				386975012BF54F98005591CB /* HomePage.swift */,
				3869750A2BF55C04005591CB /* HomePicture.swift */,
				386975032BF5547A005591CB /* Helper Functions */,
			);
			path = Views;
			sourceTree = "<group>";
		};
		386975032BF5547A005591CB /* Helper Functions */ = {
			isa = PBXGroup;
			children = (
				386974FD2BF54790005591CB /* ProfileHost.swift */,
				3869750E2BF564DE005591CB /* ProfileEditor.swift */,
				386974FF2BF549C9005591CB /* ProfilePicture.swift */,
				3872A5712BFC31F600EEC8B2 /* ImagePicker.swift */,
				386975042BF559B5005591CB /* BLeList.swift */,
				386975062BF559D5005591CB /* Features.swift */,
				3872A56C2BFBEAED00EEC8B2 /* Friends Functions  */,
				386974F72BF54337005591CB /* Add:Edit.swift */,
				3872A5732BFC33FD00EEC8B2 /* ImagePicker1.swift */,
			);
			path = "Helper Functions";
			sourceTree = "<group>";
		};
		3872A56C2BFBEAED00EEC8B2 /* Friends Functions  */ = {
			isa = PBXGroup;
			children = (
				386975082BF55BC3005591CB /* FriendsList.swift */,
				3872A56D2BFBEB1400EEC8B2 /* FriendsProfile.swift */,
				3872A56F2BFBEC6100EEC8B2 /* FriendsRow.swift */,
			);
			path = "Friends Functions ";
			sourceTree = "<group>";
		};
/* End PBXGroup section */

/* Begin PBXNativeTarget section */
		386974E12BF54191005591CB /* WaveLinkApp */ = {
			isa = PBXNativeTarget;
			buildConfigurationList = 386974F22BF54194005591CB /* Build configuration list for PBXNativeTarget "WaveLinkApp" */;
			buildPhases = (
				386974DE2BF54191005591CB /* Sources */,
				386974DF2BF54191005591CB /* Frameworks */,
				386974E02BF54191005591CB /* Resources */,
			);
			buildRules = (
			);
			dependencies = (
			);
			name = WaveLinkApp;
			productName = WaveLinkApp;
			productReference = 386974E22BF54191005591CB /* WaveLinkApp.app */;
			productType = "com.apple.product-type.application";
		};
/* End PBXNativeTarget section */

/* Begin PBXProject section */
		386974DA2BF54191005591CB /* Project object */ = {
			isa = PBXProject;
			attributes = {
				BuildIndependentTargetsInParallel = 1;
				LastSwiftUpdateCheck = 1530;
				LastUpgradeCheck = 1530;
				TargetAttributes = {
					386974E12BF54191005591CB = {
						CreatedOnToolsVersion = 15.3;
					};
				};
			};
			buildConfigurationList = 386974DD2BF54191005591CB /* Build configuration list for PBXProject "WaveLinkApp" */;
			compatibilityVersion = "Xcode 14.0";
			developmentRegion = en;
			hasScannedForEncodings = 0;
			knownRegions = (
				en,
				Base,
			);
			mainGroup = 386974D92BF54191005591CB;
			productRefGroup = 386974E32BF54191005591CB /* Products */;
			projectDirPath = "";
			projectRoot = "";
			targets = (
				386974E12BF54191005591CB /* WaveLinkApp */,
			);
		};
/* End PBXProject section */

/* Begin PBXResourcesBuildPhase section */
		386974E02BF54191005591CB /* Resources */ = {
			isa = PBXResourcesBuildPhase;
			buildActionMask = 2147483647;
			files = (
				386974EF2BF54194005591CB /* Preview Assets.xcassets in Resources */,
				386974EC2BF54194005591CB /* Assets.xcassets in Resources */,
			);
			runOnlyForDeploymentPostprocessing = 0;
		};
/* End PBXResourcesBuildPhase section */

/* Begin PBXSourcesBuildPhase section */
		386974DE2BF54191005591CB /* Sources */ = {
			isa = PBXSourcesBuildPhase;
			buildActionMask = 2147483647;
			files = (
				386974E82BF54191005591CB /* ContentView.swift in Sources */,
				386975312BF59C93005591CB /* ImageDecoder.swift in Sources */,
				3869750D2BF55DFA005591CB /* Friends.swift in Sources */,
				3869752F2BF59133005591CB /* UserData.swift in Sources */,
				3869750F2BF564DE005591CB /* ProfileEditor.swift in Sources */,
				386975022BF54F98005591CB /* HomePage.swift in Sources */,
				386974FC2BF5452C005591CB /* Profile.swift in Sources */,
				3872A56E2BFBEB1400EEC8B2 /* FriendsProfile.swift in Sources */,
				3872A5742BFC33FD00EEC8B2 /* ImagePicker1.swift in Sources */,
				386974FE2BF54790005591CB /* ProfileHost.swift in Sources */,
				3869750B2BF55C04005591CB /* HomePicture.swift in Sources */,
				386974EA2BF54191005591CB /* Item.swift in Sources */,
				3872A5702BFBEC6100EEC8B2 /* FriendsRow.swift in Sources */,
				386975052BF559B5005591CB /* BLeList.swift in Sources */,
				386975002BF549C9005591CB /* ProfilePicture.swift in Sources */,
				386974F82BF54337005591CB /* Add:Edit.swift in Sources */,
				386974E62BF54191005591CB /* WaveLinkAppApp.swift in Sources */,
				3872A5762C07D9DA00EEC8B2 /* NearbyInteraction.swift in Sources */,
				386974FA2BF5448D005591CB /* BluetoothModel.swift in Sources */,
				3872A5722BFC31F600EEC8B2 /* ImagePicker.swift in Sources */,
				386975072BF559D5005591CB /* Features.swift in Sources */,
				386975092BF55BC3005591CB /* FriendsList.swift in Sources */,
			);
			runOnlyForDeploymentPostprocessing = 0;
		};
/* End PBXSourcesBuildPhase section */

/* Begin XCBuildConfiguration section */
		386974F02BF54194005591CB /* Debug */ = {
			isa = XCBuildConfiguration;
			buildSettings = {
				ALWAYS_SEARCH_USER_PATHS = NO;
				ASSETCATALOG_COMPILER_GENERATE_SWIFT_ASSET_SYMBOL_EXTENSIONS = YES;
				CLANG_ANALYZER_NONNULL = YES;
				CLANG_ANALYZER_NUMBER_OBJECT_CONVERSION = YES_AGGRESSIVE;
				CLANG_CXX_LANGUAGE_STANDARD = "gnu++20";
				CLANG_ENABLE_MODULES = YES;
				CLANG_ENABLE_OBJC_ARC = YES;
				CLANG_ENABLE_OBJC_WEAK = YES;
				CLANG_WARN_BLOCK_CAPTURE_AUTORELEASING = YES;
				CLANG_WARN_BOOL_CONVERSION = YES;
				CLANG_WARN_COMMA = YES;
				CLANG_WARN_CONSTANT_CONVERSION = YES;
				CLANG_WARN_DEPRECATED_OBJC_IMPLEMENTATIONS = YES;
				CLANG_WARN_DIRECT_OBJC_ISA_USAGE = YES_ERROR;
				CLANG_WARN_DOCUMENTATION_COMMENTS = YES;
				CLANG_WARN_EMPTY_BODY = YES;
				CLANG_WARN_ENUM_CONVERSION = YES;
				CLANG_WARN_INFINITE_RECURSION = YES;
				CLANG_WARN_INT_CONVERSION = YES;
				CLANG_WARN_NON_LITERAL_NULL_CONVERSION = YES;
				CLANG_WARN_OBJC_IMPLICIT_RETAIN_SELF = YES;
				CLANG_WARN_OBJC_LITERAL_CONVERSION = YES;
				CLANG_WARN_OBJC_ROOT_CLASS = YES_ERROR;
				CLANG_WARN_QUOTED_INCLUDE_IN_FRAMEWORK_HEADER = YES;
				CLANG_WARN_RANGE_LOOP_ANALYSIS = YES;
				CLANG_WARN_STRICT_PROTOTYPES = YES;
				CLANG_WARN_SUSPICIOUS_MOVE = YES;
				CLANG_WARN_UNGUARDED_AVAILABILITY = YES_AGGRESSIVE;
				CLANG_WARN_UNREACHABLE_CODE = YES;
				CLANG_WARN__DUPLICATE_METHOD_MATCH = YES;
				COPY_PHASE_STRIP = NO;
				DEBUG_INFORMATION_FORMAT = dwarf;
				ENABLE_STRICT_OBJC_MSGSEND = YES;
				ENABLE_TESTABILITY = YES;
				ENABLE_USER_SCRIPT_SANDBOXING = YES;
				GCC_C_LANGUAGE_STANDARD = gnu17;
				GCC_DYNAMIC_NO_PIC = NO;
				GCC_NO_COMMON_BLOCKS = YES;
				GCC_OPTIMIZATION_LEVEL = 0;
				GCC_PREPROCESSOR_DEFINITIONS = (
					"DEBUG=1",
					"$(inherited)",
				);
				GCC_WARN_64_TO_32_BIT_CONVERSION = YES;
				GCC_WARN_ABOUT_RETURN_TYPE = YES_ERROR;
				GCC_WARN_UNDECLARED_SELECTOR = YES;
				GCC_WARN_UNINITIALIZED_AUTOS = YES_AGGRESSIVE;
				GCC_WARN_UNUSED_FUNCTION = YES;
				GCC_WARN_UNUSED_VARIABLE = YES;
				IPHONEOS_DEPLOYMENT_TARGET = 17.4;
				LOCALIZATION_PREFERS_STRING_CATALOGS = YES;
				MTL_ENABLE_DEBUG_INFO = INCLUDE_SOURCE;
				MTL_FAST_MATH = YES;
				ONLY_ACTIVE_ARCH = YES;
				SDKROOT = iphoneos;
				SWIFT_ACTIVE_COMPILATION_CONDITIONS = "DEBUG $(inherited)";
				SWIFT_OPTIMIZATION_LEVEL = "-Onone";
			};
			name = Debug;
		};
		386974F12BF54194005591CB /* Release */ = {
			isa = XCBuildConfiguration;
			buildSettings = {
				ALWAYS_SEARCH_USER_PATHS = NO;
				ASSETCATALOG_COMPILER_GENERATE_SWIFT_ASSET_SYMBOL_EXTENSIONS = YES;
				CLANG_ANALYZER_NONNULL = YES;
				CLANG_ANALYZER_NUMBER_OBJECT_CONVERSION = YES_AGGRESSIVE;
				CLANG_CXX_LANGUAGE_STANDARD = "gnu++20";
				CLANG_ENABLE_MODULES = YES;
				CLANG_ENABLE_OBJC_ARC = YES;
				CLANG_ENABLE_OBJC_WEAK = YES;
				CLANG_WARN_BLOCK_CAPTURE_AUTORELEASING = YES;
				CLANG_WARN_BOOL_CONVERSION = YES;
				CLANG_WARN_COMMA = YES;
				CLANG_WARN_CONSTANT_CONVERSION = YES;
				CLANG_WARN_DEPRECATED_OBJC_IMPLEMENTATIONS = YES;
				CLANG_WARN_DIRECT_OBJC_ISA_USAGE = YES_ERROR;
				CLANG_WARN_DOCUMENTATION_COMMENTS = YES;
				CLANG_WARN_EMPTY_BODY = YES;
				CLANG_WARN_ENUM_CONVERSION = YES;
				CLANG_WARN_INFINITE_RECURSION = YES;
				CLANG_WARN_INT_CONVERSION = YES;
				CLANG_WARN_NON_LITERAL_NULL_CONVERSION = YES;
				CLANG_WARN_OBJC_IMPLICIT_RETAIN_SELF = YES;
				CLANG_WARN_OBJC_LITERAL_CONVERSION = YES;
				CLANG_WARN_OBJC_ROOT_CLASS = YES_ERROR;
				CLANG_WARN_QUOTED_INCLUDE_IN_FRAMEWORK_HEADER = YES;
				CLANG_WARN_RANGE_LOOP_ANALYSIS = YES;
				CLANG_WARN_STRICT_PROTOTYPES = YES;
				CLANG_WARN_SUSPICIOUS_MOVE = YES;
				CLANG_WARN_UNGUARDED_AVAILABILITY = YES_AGGRESSIVE;
				CLANG_WARN_UNREACHABLE_CODE = YES;
				CLANG_WARN__DUPLICATE_METHOD_MATCH = YES;
				COPY_PHASE_STRIP = NO;
				DEBUG_INFORMATION_FORMAT = "dwarf-with-dsym";
				ENABLE_NS_ASSERTIONS = NO;
				ENABLE_STRICT_OBJC_MSGSEND = YES;
				ENABLE_USER_SCRIPT_SANDBOXING = YES;
				GCC_C_LANGUAGE_STANDARD = gnu17;
				GCC_NO_COMMON_BLOCKS = YES;
				GCC_WARN_64_TO_32_BIT_CONVERSION = YES;
				GCC_WARN_ABOUT_RETURN_TYPE = YES_ERROR;
				GCC_WARN_UNDECLARED_SELECTOR = YES;
				GCC_WARN_UNINITIALIZED_AUTOS = YES_AGGRESSIVE;
				GCC_WARN_UNUSED_FUNCTION = YES;
				GCC_WARN_UNUSED_VARIABLE = YES;
				IPHONEOS_DEPLOYMENT_TARGET = 17.4;
				LOCALIZATION_PREFERS_STRING_CATALOGS = YES;
				MTL_ENABLE_DEBUG_INFO = NO;
				MTL_FAST_MATH = YES;
				SDKROOT = iphoneos;
				SWIFT_COMPILATION_MODE = wholemodule;
				VALIDATE_PRODUCT = YES;
			};
			name = Release;
		};
		386974F32BF54194005591CB /* Debug */ = {
			isa = XCBuildConfiguration;
			buildSettings = {
				ASSETCATALOG_COMPILER_APPICON_NAME = AppIcon;
				ASSETCATALOG_COMPILER_GLOBAL_ACCENT_COLOR_NAME = AccentColor;
				ASSETCATALOG_COMPILER_INCLUDE_ALL_APPICON_ASSETS = YES;
				CODE_SIGN_STYLE = Automatic;
				CURRENT_PROJECT_VERSION = 1;
				DEVELOPMENT_ASSET_PATHS = "\"WaveLinkApp/Preview Content\"";
				DEVELOPMENT_TEAM = P947FBZX8W;
				ENABLE_PREVIEWS = YES;
				GENERATE_INFOPLIST_FILE = YES;
				INFOPLIST_KEY_NSBluetoothAlwaysUsageDescription = "Allow for bluetooth use";
				INFOPLIST_KEY_NSBluetoothPeripheralUsageDescription = "Please allow using bluetooth to discover Peripherals";
				INFOPLIST_KEY_NSNearbyInteractionUsageDescription = "Please allow in order to connect to friends";
				INFOPLIST_KEY_UIApplicationSceneManifest_Generation = YES;
				INFOPLIST_KEY_UIApplicationSupportsIndirectInputEvents = YES;
				INFOPLIST_KEY_UILaunchScreen_Generation = YES;
				INFOPLIST_KEY_UIStatusBarStyle = "";
				INFOPLIST_KEY_UISupportedInterfaceOrientations_iPad = "UIInterfaceOrientationPortrait UIInterfaceOrientationPortraitUpsideDown UIInterfaceOrientationLandscapeLeft UIInterfaceOrientationLandscapeRight";
				INFOPLIST_KEY_UISupportedInterfaceOrientations_iPhone = "UIInterfaceOrientationPortrait UIInterfaceOrientationLandscapeLeft UIInterfaceOrientationLandscapeRight";
				LD_RUNPATH_SEARCH_PATHS = (
					"$(inherited)",
					"@executable_path/Frameworks",
				);
				MARKETING_VERSION = 1.0;
				PRODUCT_BUNDLE_IDENTIFIER = ECE196.WaveLinkApp;
				PRODUCT_NAME = "$(TARGET_NAME)";
				SWIFT_EMIT_LOC_STRINGS = YES;
				SWIFT_VERSION = 5.0;
				TARGETED_DEVICE_FAMILY = "1,2";
			};
			name = Debug;
		};
		386974F42BF54194005591CB /* Release */ = {
			isa = XCBuildConfiguration;
			buildSettings = {
				ASSETCATALOG_COMPILER_APPICON_NAME = AppIcon;
				ASSETCATALOG_COMPILER_GLOBAL_ACCENT_COLOR_NAME = AccentColor;
				ASSETCATALOG_COMPILER_INCLUDE_ALL_APPICON_ASSETS = YES;
				CODE_SIGN_STYLE = Automatic;
				CURRENT_PROJECT_VERSION = 1;
				DEVELOPMENT_ASSET_PATHS = "\"WaveLinkApp/Preview Content\"";
				DEVELOPMENT_TEAM = P947FBZX8W;
				ENABLE_PREVIEWS = YES;
				GENERATE_INFOPLIST_FILE = YES;
				INFOPLIST_KEY_NSBluetoothAlwaysUsageDescription = "Allow for bluetooth use";
				INFOPLIST_KEY_NSBluetoothPeripheralUsageDescription = "Please allow using bluetooth to discover Peripherals";
				INFOPLIST_KEY_NSNearbyInteractionUsageDescription = "Please allow in order to connect to friends";
				INFOPLIST_KEY_UIApplicationSceneManifest_Generation = YES;
				INFOPLIST_KEY_UIApplicationSupportsIndirectInputEvents = YES;
				INFOPLIST_KEY_UILaunchScreen_Generation = YES;
				INFOPLIST_KEY_UIStatusBarStyle = "";
				INFOPLIST_KEY_UISupportedInterfaceOrientations_iPad = "UIInterfaceOrientationPortrait UIInterfaceOrientationPortraitUpsideDown UIInterfaceOrientationLandscapeLeft UIInterfaceOrientationLandscapeRight";
				INFOPLIST_KEY_UISupportedInterfaceOrientations_iPhone = "UIInterfaceOrientationPortrait UIInterfaceOrientationLandscapeLeft UIInterfaceOrientationLandscapeRight";
				LD_RUNPATH_SEARCH_PATHS = (
					"$(inherited)",
					"@executable_path/Frameworks",
				);
				MARKETING_VERSION = 1.0;
				PRODUCT_BUNDLE_IDENTIFIER = ECE196.WaveLinkApp;
				PRODUCT_NAME = "$(TARGET_NAME)";
				SWIFT_EMIT_LOC_STRINGS = YES;
				SWIFT_VERSION = 5.0;
				TARGETED_DEVICE_FAMILY = "1,2";
			};
			name = Release;
		};
/* End XCBuildConfiguration section */

/* Begin XCConfigurationList section */
		386974DD2BF54191005591CB /* Build configuration list for PBXProject "WaveLinkApp" */ = {
			isa = XCConfigurationList;
			buildConfigurations = (
				386974F02BF54194005591CB /* Debug */,
				386974F12BF54194005591CB /* Release */,
			);
			defaultConfigurationIsVisible = 0;
			defaultConfigurationName = Release;
		};
		386974F22BF54194005591CB /* Build configuration list for PBXNativeTarget "WaveLinkApp" */ = {
			isa = XCConfigurationList;
			buildConfigurations = (
				386974F32BF54194005591CB /* Debug */,
				386974F42BF54194005591CB /* Release */,
			);
			defaultConfigurationIsVisible = 0;
			defaultConfigurationName = Release;
		};
/* End XCConfigurationList section */
	};
	rootObject = 386974DA2BF54191005591CB /* Project object */;
}
